
Microsoft Visual Studio Solution File, Format Version 12.00
# Visual Studio Version 17
VisualStudioVersion = 17.8.34316.72
MinimumVisualStudioVersion = 10.0.40219.1
Project("{9A19103F-16F7-4668-BE54-9A1E7A4F7556}") = "PrettyRarities", "PrettyRarities.csproj", "{3205A795-5E4D-485A-9B75-8119FAA7A171}"
EndProject
Global
	GlobalSection(SolutionConfigurationPlatforms) = preSolution
		Debug|Any CPU = Debug|Any CPU
		Release|Any CPU = Release|Any CPU
	EndGlobalSection
	GlobalSection(ProjectConfigurationPlatforms) = postSolution
		{3205A795-5E4D-485A-9B75-8119FAA7A171}.Debug|Any CPU.ActiveCfg = Debug|Any CPU
		{3205A795-5E4D-485A-9B75-8119FAA7A171}.Debug|Any CPU.Build.0 = Debug|Any CPU
		{3205A795-5E4D-485A-9B75-8119FAA7A171}.Release|Any CPU.ActiveCfg = Release|Any CPU
		{3205A795-5E4D-485A-9B75-8119FAA7A171}.Release|Any CPU.Build.0 = Release|Any CPU
	EndGlobalSection
	GlobalSection(SolutionProperties) = preSolution
		HideSolutionNode = FALSE
	EndGlobalSection
	GlobalSection(ExtensibilityGlobals) = postSolution
		SolutionGuid = {89FFE5C4-4805-41BC-8953-5844CE4B37B7}
	EndGlobalSection
EndGlobal
